// !$*UTF8*$!
{
	archiveVersion = 1;
	classes = {
	};
	objectVersion = 50;
	objects = {

/* Begin PBXBuildFile section */
		9E1345CB24640DE9007103E3 /* AlertService.swift in Sources */ = {isa = PBXBuildFile; fileRef = 9E1345CA24640DE9007103E3 /* AlertService.swift */; };
		9E1345D324642F2C007103E3 /* EndPointType.swift in Sources */ = {isa = PBXBuildFile; fileRef = 9E1345D224642F2C007103E3 /* EndPointType.swift */; };
		9E1345D524642FF9007103E3 /* HTTPMethod.swift in Sources */ = {isa = PBXBuildFile; fileRef = 9E1345D424642FF9007103E3 /* HTTPMethod.swift */; };
		9E1345D72464306D007103E3 /* HTTPTask.swift in Sources */ = {isa = PBXBuildFile; fileRef = 9E1345D62464306D007103E3 /* HTTPTask.swift */; };
		9E1345D92464371E007103E3 /* ParameterEncoding.swift in Sources */ = {isa = PBXBuildFile; fileRef = 9E1345D82464371E007103E3 /* ParameterEncoding.swift */; };
		9E1345DB24643AD6007103E3 /* URLParameterEncoding.swift in Sources */ = {isa = PBXBuildFile; fileRef = 9E1345DA24643AD6007103E3 /* URLParameterEncoding.swift */; };
		9E1345DD24643B66007103E3 /* JSONParameterEncoder.swift in Sources */ = {isa = PBXBuildFile; fileRef = 9E1345DC24643B66007103E3 /* JSONParameterEncoder.swift */; };
		9E1345DF24643BD9007103E3 /* Router.swift in Sources */ = {isa = PBXBuildFile; fileRef = 9E1345DE24643BD9007103E3 /* Router.swift */; };
		9E1345E1246452E3007103E3 /* NetworkLogger.swift in Sources */ = {isa = PBXBuildFile; fileRef = 9E1345E0246452E3007103E3 /* NetworkLogger.swift */; };
		9E1345E3246454F1007103E3 /* NetworkManager.swift in Sources */ = {isa = PBXBuildFile; fileRef = 9E1345E2246454F1007103E3 /* NetworkManager.swift */; };
		9E1345E5246455A2007103E3 /* Movie.swift in Sources */ = {isa = PBXBuildFile; fileRef = 9E1345E4246455A2007103E3 /* Movie.swift */; };
		9E1345E72464582B007103E3 /* MovieEndPoint.swift in Sources */ = {isa = PBXBuildFile; fileRef = 9E1345E62464582B007103E3 /* MovieEndPoint.swift */; };
		9E525D7D23FD2896002292DD /* PhotosTableViewCell.swift in Sources */ = {isa = PBXBuildFile; fileRef = 9E525D7C23FD2896002292DD /* PhotosTableViewCell.swift */; };
		9E525D7F23FD29B5002292DD /* UsersTableViewCell.swift in Sources */ = {isa = PBXBuildFile; fileRef = 9E525D7E23FD29B5002292DD /* UsersTableViewCell.swift */; };
		9E6DC8C724013C04009482E2 /* Default-568h@2x.png in Resources */ = {isa = PBXBuildFile; fileRef = 9E6DC8C624013C04009482E2 /* Default-568h@2x.png */; };
		9ECFB8B323FD0D7C0094C702 /* AppDelegate.swift in Sources */ = {isa = PBXBuildFile; fileRef = 9ECFB8B223FD0D7C0094C702 /* AppDelegate.swift */; };
		9ECFB8B723FD0D7C0094C702 /* UsersVC.swift in Sources */ = {isa = PBXBuildFile; fileRef = 9ECFB8B623FD0D7C0094C702 /* UsersVC.swift */; };
		9ECFB8BA23FD0D7C0094C702 /* Main.storyboard in Resources */ = {isa = PBXBuildFile; fileRef = 9ECFB8B823FD0D7C0094C702 /* Main.storyboard */; };
		9ECFB8BC23FD0D7F0094C702 /* Assets.xcassets in Resources */ = {isa = PBXBuildFile; fileRef = 9ECFB8BB23FD0D7F0094C702 /* Assets.xcassets */; };
		9ECFB8BF23FD0D7F0094C702 /* LaunchScreen.storyboard in Resources */ = {isa = PBXBuildFile; fileRef = 9ECFB8BD23FD0D7F0094C702 /* LaunchScreen.storyboard */; };
		9ECFB8C723FD1A8C0094C702 /* PhotosVC.swift in Sources */ = {isa = PBXBuildFile; fileRef = 9ECFB8C623FD1A8C0094C702 /* PhotosVC.swift */; };
		9ECFB8C923FD1B700094C702 /* NetworkService.swift in Sources */ = {isa = PBXBuildFile; fileRef = 9ECFB8C823FD1B700094C702 /* NetworkService.swift */; };
		9ECFB8D223FD20790094C702 /* User.swift in Sources */ = {isa = PBXBuildFile; fileRef = 9ECFB8D123FD20790094C702 /* User.swift */; };
		9ECFB8D423FD208F0094C702 /* Album.swift in Sources */ = {isa = PBXBuildFile; fileRef = 9ECFB8D323FD208F0094C702 /* Album.swift */; };
		9ECFB8D623FD209D0094C702 /* Photo.swift in Sources */ = {isa = PBXBuildFile; fileRef = 9ECFB8D523FD209D0094C702 /* Photo.swift */; };
/* End PBXBuildFile section */

/* Begin PBXFileReference section */
		9E1345CA24640DE9007103E3 /* AlertService.swift */ = {isa = PBXFileReference; lastKnownFileType = sourcecode.swift; path = AlertService.swift; sourceTree = "<group>"; };
		9E1345D224642F2C007103E3 /* EndPointType.swift */ = {isa = PBXFileReference; lastKnownFileType = sourcecode.swift; path = EndPointType.swift; sourceTree = "<group>"; };
		9E1345D424642FF9007103E3 /* HTTPMethod.swift */ = {isa = PBXFileReference; lastKnownFileType = sourcecode.swift; path = HTTPMethod.swift; sourceTree = "<group>"; };
		9E1345D62464306D007103E3 /* HTTPTask.swift */ = {isa = PBXFileReference; lastKnownFileType = sourcecode.swift; path = HTTPTask.swift; sourceTree = "<group>"; };
		9E1345D82464371E007103E3 /* ParameterEncoding.swift */ = {isa = PBXFileReference; lastKnownFileType = sourcecode.swift; path = ParameterEncoding.swift; sourceTree = "<group>"; };
		9E1345DA24643AD6007103E3 /* URLParameterEncoding.swift */ = {isa = PBXFileReference; lastKnownFileType = sourcecode.swift; path = URLParameterEncoding.swift; sourceTree = "<group>"; };
		9E1345DC24643B66007103E3 /* JSONParameterEncoder.swift */ = {isa = PBXFileReference; lastKnownFileType = sourcecode.swift; path = JSONParameterEncoder.swift; sourceTree = "<group>"; };
		9E1345DE24643BD9007103E3 /* Router.swift */ = {isa = PBXFileReference; lastKnownFileType = sourcecode.swift; path = Router.swift; sourceTree = "<group>"; };
		9E1345E0246452E3007103E3 /* NetworkLogger.swift */ = {isa = PBXFileReference; lastKnownFileType = sourcecode.swift; path = NetworkLogger.swift; sourceTree = "<group>"; };
		9E1345E2246454F1007103E3 /* NetworkManager.swift */ = {isa = PBXFileReference; lastKnownFileType = sourcecode.swift; path = NetworkManager.swift; sourceTree = "<group>"; };
		9E1345E4246455A2007103E3 /* Movie.swift */ = {isa = PBXFileReference; lastKnownFileType = sourcecode.swift; path = Movie.swift; sourceTree = "<group>"; };
		9E1345E62464582B007103E3 /* MovieEndPoint.swift */ = {isa = PBXFileReference; lastKnownFileType = sourcecode.swift; path = MovieEndPoint.swift; sourceTree = "<group>"; };
		9E525D7C23FD2896002292DD /* PhotosTableViewCell.swift */ = {isa = PBXFileReference; lastKnownFileType = sourcecode.swift; path = PhotosTableViewCell.swift; sourceTree = "<group>"; };
		9E525D7E23FD29B5002292DD /* UsersTableViewCell.swift */ = {isa = PBXFileReference; lastKnownFileType = sourcecode.swift; path = UsersTableViewCell.swift; sourceTree = "<group>"; };
		9E6DC8C624013C04009482E2 /* Default-568h@2x.png */ = {isa = PBXFileReference; lastKnownFileType = image.png; path = "Default-568h@2x.png"; sourceTree = "<group>"; };
		9ECFB8AF23FD0D7C0094C702 /* TeskTaskWorkWithNetwork.app */ = {isa = PBXFileReference; explicitFileType = wrapper.application; includeInIndex = 0; path = TeskTaskWorkWithNetwork.app; sourceTree = BUILT_PRODUCTS_DIR; };
		9ECFB8B223FD0D7C0094C702 /* AppDelegate.swift */ = {isa = PBXFileReference; lastKnownFileType = sourcecode.swift; path = AppDelegate.swift; sourceTree = "<group>"; };
		9ECFB8B623FD0D7C0094C702 /* UsersVC.swift */ = {isa = PBXFileReference; lastKnownFileType = sourcecode.swift; path = UsersVC.swift; sourceTree = "<group>"; };
		9ECFB8B923FD0D7C0094C702 /* Base */ = {isa = PBXFileReference; lastKnownFileType = file.storyboard; name = Base; path = Base.lproj/Main.storyboard; sourceTree = "<group>"; };
		9ECFB8BB23FD0D7F0094C702 /* Assets.xcassets */ = {isa = PBXFileReference; lastKnownFileType = folder.assetcatalog; path = Assets.xcassets; sourceTree = "<group>"; };
		9ECFB8BE23FD0D7F0094C702 /* Base */ = {isa = PBXFileReference; lastKnownFileType = file.storyboard; name = Base; path = Base.lproj/LaunchScreen.storyboard; sourceTree = "<group>"; };
		9ECFB8C023FD0D7F0094C702 /* Info.plist */ = {isa = PBXFileReference; lastKnownFileType = text.plist.xml; path = Info.plist; sourceTree = "<group>"; };
		9ECFB8C623FD1A8C0094C702 /* PhotosVC.swift */ = {isa = PBXFileReference; lastKnownFileType = sourcecode.swift; path = PhotosVC.swift; sourceTree = "<group>"; };
		9ECFB8C823FD1B700094C702 /* NetworkService.swift */ = {isa = PBXFileReference; lastKnownFileType = sourcecode.swift; path = NetworkService.swift; sourceTree = "<group>"; };
		9ECFB8D123FD20790094C702 /* User.swift */ = {isa = PBXFileReference; lastKnownFileType = sourcecode.swift; path = User.swift; sourceTree = "<group>"; };
		9ECFB8D323FD208F0094C702 /* Album.swift */ = {isa = PBXFileReference; lastKnownFileType = sourcecode.swift; path = Album.swift; sourceTree = "<group>"; };
		9ECFB8D523FD209D0094C702 /* Photo.swift */ = {isa = PBXFileReference; lastKnownFileType = sourcecode.swift; path = Photo.swift; sourceTree = "<group>"; };
/* End PBXFileReference section */

/* Begin PBXFrameworksBuildPhase section */
		9ECFB8AC23FD0D7C0094C702 /* Frameworks */ = {
			isa = PBXFrameworksBuildPhase;
			buildActionMask = 2147483647;
			files = (
			);
			runOnlyForDeploymentPostprocessing = 0;
		};
/* End PBXFrameworksBuildPhase section */

/* Begin PBXGroup section */
		9E1345CE24642E7D007103E3 /* Encoding */ = {
			isa = PBXGroup;
			children = (
				9E1345D82464371E007103E3 /* ParameterEncoding.swift */,
				9E1345DA24643AD6007103E3 /* URLParameterEncoding.swift */,
				9E1345DC24643B66007103E3 /* JSONParameterEncoder.swift */,
			);
			path = Encoding;
			sourceTree = "<group>";
		};
		9E1345CF24642E7F007103E3 /* Service */ = {
			isa = PBXGroup;
			children = (
				9E1345D224642F2C007103E3 /* EndPointType.swift */,
				9E1345DE24643BD9007103E3 /* Router.swift */,
				9E1345D424642FF9007103E3 /* HTTPMethod.swift */,
				9E1345D62464306D007103E3 /* HTTPTask.swift */,
				9E1345E0246452E3007103E3 /* NetworkLogger.swift */,
			);
			path = Service;
			sourceTree = "<group>";
		};
		9E1345D024642E81007103E3 /* Manager */ = {
			isa = PBXGroup;
			children = (
				9E1345E2246454F1007103E3 /* NetworkManager.swift */,
			);
			path = Manager;
			sourceTree = "<group>";
		};
		9E1345D124642E89007103E3 /* EndPoint */ = {
			isa = PBXGroup;
			children = (
				9E1345E4246455A2007103E3 /* Movie.swift */,
				9E1345E62464582B007103E3 /* MovieEndPoint.swift */,
			);
			path = EndPoint;
			sourceTree = "<group>";
		};
		9E6DC8B624013735009482E2 /* Users */ = {
			isa = PBXGroup;
			children = (
				9E6DC8B92401375F009482E2 /* Model */,
				9E6DC8B824013755009482E2 /* View */,
				9E6DC8B72401374A009482E2 /* Controller */,
			);
			path = Users;
			sourceTree = "<group>";
		};
		9E6DC8B72401374A009482E2 /* Controller */ = {
			isa = PBXGroup;
			children = (
				9ECFB8B623FD0D7C0094C702 /* UsersVC.swift */,
			);
			path = Controller;
			sourceTree = "<group>";
		};
		9E6DC8B824013755009482E2 /* View */ = {
			isa = PBXGroup;
			children = (
				9E525D7E23FD29B5002292DD /* UsersTableViewCell.swift */,
			);
			path = View;
			sourceTree = "<group>";
		};
		9E6DC8B92401375F009482E2 /* Model */ = {
			isa = PBXGroup;
			children = (
				9ECFB8D123FD20790094C702 /* User.swift */,
				9ECFB8D323FD208F0094C702 /* Album.swift */,
			);
			path = Model;
			sourceTree = "<group>";
		};
		9E6DC8BB2401378B009482E2 /* Photos */ = {
			isa = PBXGroup;
			children = (
				9E6DC8C1240137C0009482E2 /* Model */,
				9E6DC8C0240137B9009482E2 /* View */,
				9E6DC8BF240137B1009482E2 /* Controller */,
			);
			path = Photos;
			sourceTree = "<group>";
		};
		9E6DC8BF240137B1009482E2 /* Controller */ = {
			isa = PBXGroup;
			children = (
				9ECFB8C623FD1A8C0094C702 /* PhotosVC.swift */,
			);
			path = Controller;
			sourceTree = "<group>";
		};
		9E6DC8C0240137B9009482E2 /* View */ = {
			isa = PBXGroup;
			children = (
				9E525D7C23FD2896002292DD /* PhotosTableViewCell.swift */,
			);
			path = View;
			sourceTree = "<group>";
		};
		9E6DC8C1240137C0009482E2 /* Model */ = {
			isa = PBXGroup;
			children = (
				9ECFB8D523FD209D0094C702 /* Photo.swift */,
			);
			path = Model;
			sourceTree = "<group>";
		};
		9E6DC8C2240137E4009482E2 /* Application */ = {
			isa = PBXGroup;
			children = (
				9E6DC8C4240137F9009482E2 /* View */,
				9E6DC8C3240137EC009482E2 /* Controller */,
				9ECFB8CC23FD1E4A0094C702 /* Network */,
			);
			path = Application;
			sourceTree = "<group>";
		};
		9E6DC8C3240137EC009482E2 /* Controller */ = {
			isa = PBXGroup;
			children = (
				9ECFB8B223FD0D7C0094C702 /* AppDelegate.swift */,
			);
			path = Controller;
			sourceTree = "<group>";
		};
		9E6DC8C4240137F9009482E2 /* View */ = {
			isa = PBXGroup;
			children = (
				9ECFB8BD23FD0D7F0094C702 /* LaunchScreen.storyboard */,
				9ECFB8B823FD0D7C0094C702 /* Main.storyboard */,
			);
			path = View;
			sourceTree = "<group>";
		};
		9ECFB8A623FD0D7C0094C702 = {
			isa = PBXGroup;
			children = (
				9E6DC8C624013C04009482E2 /* Default-568h@2x.png */,
				9ECFB8B123FD0D7C0094C702 /* TeskTaskWorkWithNetwork */,
				9ECFB8B023FD0D7C0094C702 /* Products */,
			);
			sourceTree = "<group>";
		};
		9ECFB8B023FD0D7C0094C702 /* Products */ = {
			isa = PBXGroup;
			children = (
				9ECFB8AF23FD0D7C0094C702 /* TeskTaskWorkWithNetwork.app */,
			);
			name = Products;
			sourceTree = "<group>";
		};
		9ECFB8B123FD0D7C0094C702 /* TeskTaskWorkWithNetwork */ = {
			isa = PBXGroup;
			children = (
				9E6DC8C2240137E4009482E2 /* Application */,
				9E6DC8B624013735009482E2 /* Users */,
				9E6DC8BB2401378B009482E2 /* Photos */,
				9ECFB8D023FD1EBD0094C702 /* SupportingFiles */,
			);
			path = TeskTaskWorkWithNetwork;
			sourceTree = "<group>";
		};
		9ECFB8CC23FD1E4A0094C702 /* Network */ = {
			isa = PBXGroup;
			children = (
				9E1345D124642E89007103E3 /* EndPoint */,
				9E1345D024642E81007103E3 /* Manager */,
				9E1345CF24642E7F007103E3 /* Service */,
				9E1345CE24642E7D007103E3 /* Encoding */,
				9ECFB8C823FD1B700094C702 /* NetworkService.swift */,
				9E1345CA24640DE9007103E3 /* AlertService.swift */,
			);
			path = Network;
			sourceTree = "<group>";
		};
		9ECFB8D023FD1EBD0094C702 /* SupportingFiles */ = {
			isa = PBXGroup;
			children = (
				9ECFB8BB23FD0D7F0094C702 /* Assets.xcassets */,
				9ECFB8C023FD0D7F0094C702 /* Info.plist */,
			);
			path = SupportingFiles;
			sourceTree = "<group>";
		};
/* End PBXGroup section */

/* Begin PBXNativeTarget section */
		9ECFB8AE23FD0D7C0094C702 /* TeskTaskWorkWithNetwork */ = {
			isa = PBXNativeTarget;
			buildConfigurationList = 9ECFB8C323FD0D7F0094C702 /* Build configuration list for PBXNativeTarget "TeskTaskWorkWithNetwork" */;
			buildPhases = (
				9ECFB8AB23FD0D7C0094C702 /* Sources */,
				9ECFB8AC23FD0D7C0094C702 /* Frameworks */,
				9ECFB8AD23FD0D7C0094C702 /* Resources */,
			);
			buildRules = (
			);
			dependencies = (
			);
			name = TeskTaskWorkWithNetwork;
			productName = TeskTaskWorkWithNetwork;
			productReference = 9ECFB8AF23FD0D7C0094C702 /* TeskTaskWorkWithNetwork.app */;
			productType = "com.apple.product-type.application";
		};
/* End PBXNativeTarget section */

/* Begin PBXProject section */
		9ECFB8A723FD0D7C0094C702 /* Project object */ = {
			isa = PBXProject;
			attributes = {
				LastSwiftUpdateCheck = 1130;
				LastUpgradeCheck = 1130;
				ORGANIZATIONNAME = "Максим Окунеев";
				TargetAttributes = {
					9ECFB8AE23FD0D7C0094C702 = {
						CreatedOnToolsVersion = 11.3.1;
					};
				};
			};
			buildConfigurationList = 9ECFB8AA23FD0D7C0094C702 /* Build configuration list for PBXProject "TeskTaskWorkWithNetwork" */;
			compatibilityVersion = "Xcode 9.3";
			developmentRegion = en;
			hasScannedForEncodings = 0;
			knownRegions = (
				en,
				Base,
			);
			mainGroup = 9ECFB8A623FD0D7C0094C702;
			productRefGroup = 9ECFB8B023FD0D7C0094C702 /* Products */;
			projectDirPath = "";
			projectRoot = "";
			targets = (
				9ECFB8AE23FD0D7C0094C702 /* TeskTaskWorkWithNetwork */,
			);
		};
/* End PBXProject section */

/* Begin PBXResourcesBuildPhase section */
		9ECFB8AD23FD0D7C0094C702 /* Resources */ = {
			isa = PBXResourcesBuildPhase;
			buildActionMask = 2147483647;
			files = (
				9ECFB8BF23FD0D7F0094C702 /* LaunchScreen.storyboard in Resources */,
				9E6DC8C724013C04009482E2 /* Default-568h@2x.png in Resources */,
				9ECFB8BC23FD0D7F0094C702 /* Assets.xcassets in Resources */,
				9ECFB8BA23FD0D7C0094C702 /* Main.storyboard in Resources */,
			);
			runOnlyForDeploymentPostprocessing = 0;
		};
/* End PBXResourcesBuildPhase section */

/* Begin PBXSourcesBuildPhase section */
		9ECFB8AB23FD0D7C0094C702 /* Sources */ = {
			isa = PBXSourcesBuildPhase;
			buildActionMask = 2147483647;
			files = (
				9E1345E3246454F1007103E3 /* NetworkManager.swift in Sources */,
				9E1345DD24643B66007103E3 /* JSONParameterEncoder.swift in Sources */,
				9E1345D92464371E007103E3 /* ParameterEncoding.swift in Sources */,
				9E525D7F23FD29B5002292DD /* UsersTableViewCell.swift in Sources */,
				9ECFB8D623FD209D0094C702 /* Photo.swift in Sources */,
				9ECFB8B723FD0D7C0094C702 /* UsersVC.swift in Sources */,
				9E1345DB24643AD6007103E3 /* URLParameterEncoding.swift in Sources */,
				9E1345E1246452E3007103E3 /* NetworkLogger.swift in Sources */,
				9ECFB8D423FD208F0094C702 /* Album.swift in Sources */,
				9E1345CB24640DE9007103E3 /* AlertService.swift in Sources */,
				9E1345D72464306D007103E3 /* HTTPTask.swift in Sources */,
				9E1345D324642F2C007103E3 /* EndPointType.swift in Sources */,
				9E1345DF24643BD9007103E3 /* Router.swift in Sources */,
				9ECFB8B323FD0D7C0094C702 /* AppDelegate.swift in Sources */,
				9E1345E5246455A2007103E3 /* Movie.swift in Sources */,
				9ECFB8C923FD1B700094C702 /* NetworkService.swift in Sources */,
				9E1345D524642FF9007103E3 /* HTTPMethod.swift in Sources */,
				9E1345E72464582B007103E3 /* MovieEndPoint.swift in Sources */,
				9E525D7D23FD2896002292DD /* PhotosTableViewCell.swift in Sources */,
				9ECFB8D223FD20790094C702 /* User.swift in Sources */,
				9ECFB8C723FD1A8C0094C702 /* PhotosVC.swift in Sources */,
			);
			runOnlyForDeploymentPostprocessing = 0;
		};
/* End PBXSourcesBuildPhase section */

/* Begin PBXVariantGroup section */
		9ECFB8B823FD0D7C0094C702 /* Main.storyboard */ = {
			isa = PBXVariantGroup;
			children = (
				9ECFB8B923FD0D7C0094C702 /* Base */,
			);
			name = Main.storyboard;
			sourceTree = "<group>";
		};
		9ECFB8BD23FD0D7F0094C702 /* LaunchScreen.storyboard */ = {
			isa = PBXVariantGroup;
			children = (
				9ECFB8BE23FD0D7F0094C702 /* Base */,
			);
			name = LaunchScreen.storyboard;
			sourceTree = "<group>";
		};
/* End PBXVariantGroup section */

/* Begin XCBuildConfiguration section */
		9ECFB8C123FD0D7F0094C702 /* Debug */ = {
			isa = XCBuildConfiguration;
			buildSettings = {
				ALWAYS_SEARCH_USER_PATHS = NO;
				CLANG_ANALYZER_NONNULL = YES;
				CLANG_ANALYZER_NUMBER_OBJECT_CONVERSION = YES_AGGRESSIVE;
				CLANG_CXX_LANGUAGE_STANDARD = "gnu++14";
				CLANG_CXX_LIBRARY = "libc++";
				CLANG_ENABLE_MODULES = YES;
				CLANG_ENABLE_OBJC_ARC = YES;
				CLANG_ENABLE_OBJC_WEAK = YES;
				CLANG_WARN_BLOCK_CAPTURE_AUTORELEASING = YES;
				CLANG_WARN_BOOL_CONVERSION = YES;
				CLANG_WARN_COMMA = YES;
				CLANG_WARN_CONSTANT_CONVERSION = YES;
				CLANG_WARN_DEPRECATED_OBJC_IMPLEMENTATIONS = YES;
				CLANG_WARN_DIRECT_OBJC_ISA_USAGE = YES_ERROR;
				CLANG_WARN_DOCUMENTATION_COMMENTS = YES;
				CLANG_WARN_EMPTY_BODY = YES;
				CLANG_WARN_ENUM_CONVERSION = YES;
				CLANG_WARN_INFINITE_RECURSION = YES;
				CLANG_WARN_INT_CONVERSION = YES;
				CLANG_WARN_NON_LITERAL_NULL_CONVERSION = YES;
				CLANG_WARN_OBJC_IMPLICIT_RETAIN_SELF = YES;
				CLANG_WARN_OBJC_LITERAL_CONVERSION = YES;
				CLANG_WARN_OBJC_ROOT_CLASS = YES_ERROR;
				CLANG_WARN_RANGE_LOOP_ANALYSIS = YES;
				CLANG_WARN_STRICT_PROTOTYPES = YES;
				CLANG_WARN_SUSPICIOUS_MOVE = YES;
				CLANG_WARN_UNGUARDED_AVAILABILITY = YES_AGGRESSIVE;
				CLANG_WARN_UNREACHABLE_CODE = YES;
				CLANG_WARN__DUPLICATE_METHOD_MATCH = YES;
				COPY_PHASE_STRIP = NO;
				DEBUG_INFORMATION_FORMAT = dwarf;
				ENABLE_STRICT_OBJC_MSGSEND = YES;
				ENABLE_TESTABILITY = YES;
				GCC_C_LANGUAGE_STANDARD = gnu11;
				GCC_DYNAMIC_NO_PIC = NO;
				GCC_NO_COMMON_BLOCKS = YES;
				GCC_OPTIMIZATION_LEVEL = 0;
				GCC_PREPROCESSOR_DEFINITIONS = (
					"DEBUG=1",
					"$(inherited)",
				);
				GCC_WARN_64_TO_32_BIT_CONVERSION = YES;
				GCC_WARN_ABOUT_RETURN_TYPE = YES_ERROR;
				GCC_WARN_UNDECLARED_SELECTOR = YES;
				GCC_WARN_UNINITIALIZED_AUTOS = YES_AGGRESSIVE;
				GCC_WARN_UNUSED_FUNCTION = YES;
				GCC_WARN_UNUSED_VARIABLE = YES;
				IPHONEOS_DEPLOYMENT_TARGET = 13.2;
				MTL_ENABLE_DEBUG_INFO = INCLUDE_SOURCE;
				MTL_FAST_MATH = YES;
				ONLY_ACTIVE_ARCH = YES;
				SDKROOT = iphoneos;
				SWIFT_ACTIVE_COMPILATION_CONDITIONS = DEBUG;
				SWIFT_OPTIMIZATION_LEVEL = "-Onone";
			};
			name = Debug;
		};
		9ECFB8C223FD0D7F0094C702 /* Release */ = {
			isa = XCBuildConfiguration;
			buildSettings = {
				ALWAYS_SEARCH_USER_PATHS = NO;
				CLANG_ANALYZER_NONNULL = YES;
				CLANG_ANALYZER_NUMBER_OBJECT_CONVERSION = YES_AGGRESSIVE;
				CLANG_CXX_LANGUAGE_STANDARD = "gnu++14";
				CLANG_CXX_LIBRARY = "libc++";
				CLANG_ENABLE_MODULES = YES;
				CLANG_ENABLE_OBJC_ARC = YES;
				CLANG_ENABLE_OBJC_WEAK = YES;
				CLANG_WARN_BLOCK_CAPTURE_AUTORELEASING = YES;
				CLANG_WARN_BOOL_CONVERSION = YES;
				CLANG_WARN_COMMA = YES;
				CLANG_WARN_CONSTANT_CONVERSION = YES;
				CLANG_WARN_DEPRECATED_OBJC_IMPLEMENTATIONS = YES;
				CLANG_WARN_DIRECT_OBJC_ISA_USAGE = YES_ERROR;
				CLANG_WARN_DOCUMENTATION_COMMENTS = YES;
				CLANG_WARN_EMPTY_BODY = YES;
				CLANG_WARN_ENUM_CONVERSION = YES;
				CLANG_WARN_INFINITE_RECURSION = YES;
				CLANG_WARN_INT_CONVERSION = YES;
				CLANG_WARN_NON_LITERAL_NULL_CONVERSION = YES;
				CLANG_WARN_OBJC_IMPLICIT_RETAIN_SELF = YES;
				CLANG_WARN_OBJC_LITERAL_CONVERSION = YES;
				CLANG_WARN_OBJC_ROOT_CLASS = YES_ERROR;
				CLANG_WARN_RANGE_LOOP_ANALYSIS = YES;
				CLANG_WARN_STRICT_PROTOTYPES = YES;
				CLANG_WARN_SUSPICIOUS_MOVE = YES;
				CLANG_WARN_UNGUARDED_AVAILABILITY = YES_AGGRESSIVE;
				CLANG_WARN_UNREACHABLE_CODE = YES;
				CLANG_WARN__DUPLICATE_METHOD_MATCH = YES;
				COPY_PHASE_STRIP = NO;
				DEBUG_INFORMATION_FORMAT = "dwarf-with-dsym";
				ENABLE_NS_ASSERTIONS = NO;
				ENABLE_STRICT_OBJC_MSGSEND = YES;
				GCC_C_LANGUAGE_STANDARD = gnu11;
				GCC_NO_COMMON_BLOCKS = YES;
				GCC_WARN_64_TO_32_BIT_CONVERSION = YES;
				GCC_WARN_ABOUT_RETURN_TYPE = YES_ERROR;
				GCC_WARN_UNDECLARED_SELECTOR = YES;
				GCC_WARN_UNINITIALIZED_AUTOS = YES_AGGRESSIVE;
				GCC_WARN_UNUSED_FUNCTION = YES;
				GCC_WARN_UNUSED_VARIABLE = YES;
				IPHONEOS_DEPLOYMENT_TARGET = 13.2;
				MTL_ENABLE_DEBUG_INFO = NO;
				MTL_FAST_MATH = YES;
				SDKROOT = iphoneos;
				SWIFT_COMPILATION_MODE = wholemodule;
				SWIFT_OPTIMIZATION_LEVEL = "-O";
				VALIDATE_PRODUCT = YES;
			};
			name = Release;
		};
		9ECFB8C423FD0D7F0094C702 /* Debug */ = {
			isa = XCBuildConfiguration;
			buildSettings = {
				ASSETCATALOG_COMPILER_APPICON_NAME = AppIcon;
				CODE_SIGN_STYLE = Automatic;
				DEVELOPMENT_TEAM = WJR74JV9LN;
				INFOPLIST_FILE = "$(SRCROOT)/TeskTaskWorkWithNetwork/SupportingFiles/Info.plist";
				IPHONEOS_DEPLOYMENT_TARGET = 11.0;
				LD_RUNPATH_SEARCH_PATHS = (
					"$(inherited)",
					"@executable_path/Frameworks",
				);
				PRODUCT_BUNDLE_IDENTIFIER = "-.TeskTaskWorkWithNetwork";
				PRODUCT_NAME = "$(TARGET_NAME)";
				SWIFT_VERSION = 5.0;
				TARGETED_DEVICE_FAMILY = 1;
			};
			name = Debug;
		};
		9ECFB8C523FD0D7F0094C702 /* Release */ = {
			isa = XCBuildConfiguration;
			buildSettings = {
				ASSETCATALOG_COMPILER_APPICON_NAME = AppIcon;
				CODE_SIGN_STYLE = Automatic;
				DEVELOPMENT_TEAM = WJR74JV9LN;
				INFOPLIST_FILE = "$(SRCROOT)/TeskTaskWorkWithNetwork/SupportingFiles/Info.plist";
				IPHONEOS_DEPLOYMENT_TARGET = 11.0;
				LD_RUNPATH_SEARCH_PATHS = (
					"$(inherited)",
					"@executable_path/Frameworks",
				);
				PRODUCT_BUNDLE_IDENTIFIER = "-.TeskTaskWorkWithNetwork";
				PRODUCT_NAME = "$(TARGET_NAME)";
				SWIFT_VERSION = 5.0;
				TARGETED_DEVICE_FAMILY = 1;
			};
			name = Release;
		};
/* End XCBuildConfiguration section */

/* Begin XCConfigurationList section */
		9ECFB8AA23FD0D7C0094C702 /* Build configuration list for PBXProject "TeskTaskWorkWithNetwork" */ = {
			isa = XCConfigurationList;
			buildConfigurations = (
				9ECFB8C123FD0D7F0094C702 /* Debug */,
				9ECFB8C223FD0D7F0094C702 /* Release */,
			);
			defaultConfigurationIsVisible = 0;
			defaultConfigurationName = Release;
		};
		9ECFB8C323FD0D7F0094C702 /* Build configuration list for PBXNativeTarget "TeskTaskWorkWithNetwork" */ = {
			isa = XCConfigurationList;
			buildConfigurations = (
				9ECFB8C423FD0D7F0094C702 /* Debug */,
				9ECFB8C523FD0D7F0094C702 /* Release */,
			);
			defaultConfigurationIsVisible = 0;
			defaultConfigurationName = Release;
		};
/* End XCConfigurationList section */
	};
	rootObject = 9ECFB8A723FD0D7C0094C702 /* Project object */;
}
