// !$*UTF8*$!
{
	archiveVersion = 1;
	classes = {
	};
	objectVersion = 50;
	objects = {

/* Begin PBXBuildFile section */
		9E525D7D23FD2896002292DD /* PhotosTableViewCell.swift in Sources */ = {isa = PBXBuildFile; fileRef = 9E525D7C23FD2896002292DD /* PhotosTableViewCell.swift */; };
		9E525D7F23FD29B5002292DD /* UsersTableViewCell.swift in Sources */ = {isa = PBXBuildFile; fileRef = 9E525D7E23FD29B5002292DD /* UsersTableViewCell.swift */; };
		9E53CB7223FE3FB2008B04F9 /* API.swift in Sources */ = {isa = PBXBuildFile; fileRef = 9E53CB7123FE3FB2008B04F9 /* API.swift */; };
		9E53CB7423FE4306008B04F9 /* AlbumsVC.swift in Sources */ = {isa = PBXBuildFile; fileRef = 9E53CB7323FE4306008B04F9 /* AlbumsVC.swift */; };
		9ECFB8B323FD0D7C0094C702 /* AppDelegate.swift in Sources */ = {isa = PBXBuildFile; fileRef = 9ECFB8B223FD0D7C0094C702 /* AppDelegate.swift */; };
		9ECFB8B523FD0D7C0094C702 /* SceneDelegate.swift in Sources */ = {isa = PBXBuildFile; fileRef = 9ECFB8B423FD0D7C0094C702 /* SceneDelegate.swift */; };
		9ECFB8B723FD0D7C0094C702 /* UsersVC.swift in Sources */ = {isa = PBXBuildFile; fileRef = 9ECFB8B623FD0D7C0094C702 /* UsersVC.swift */; };
		9ECFB8BA23FD0D7C0094C702 /* Main.storyboard in Resources */ = {isa = PBXBuildFile; fileRef = 9ECFB8B823FD0D7C0094C702 /* Main.storyboard */; };
		9ECFB8BC23FD0D7F0094C702 /* Assets.xcassets in Resources */ = {isa = PBXBuildFile; fileRef = 9ECFB8BB23FD0D7F0094C702 /* Assets.xcassets */; };
		9ECFB8BF23FD0D7F0094C702 /* LaunchScreen.storyboard in Resources */ = {isa = PBXBuildFile; fileRef = 9ECFB8BD23FD0D7F0094C702 /* LaunchScreen.storyboard */; };
		9ECFB8C723FD1A8C0094C702 /* PhotosVC.swift in Sources */ = {isa = PBXBuildFile; fileRef = 9ECFB8C623FD1A8C0094C702 /* PhotosVC.swift */; };
		9ECFB8C923FD1B700094C702 /* NetworkService.swift in Sources */ = {isa = PBXBuildFile; fileRef = 9ECFB8C823FD1B700094C702 /* NetworkService.swift */; };
		9ECFB8D223FD20790094C702 /* UsersModel.swift in Sources */ = {isa = PBXBuildFile; fileRef = 9ECFB8D123FD20790094C702 /* UsersModel.swift */; };
		9ECFB8D423FD208F0094C702 /* AlbumsModel.swift in Sources */ = {isa = PBXBuildFile; fileRef = 9ECFB8D323FD208F0094C702 /* AlbumsModel.swift */; };
		9ECFB8D623FD209D0094C702 /* PhotosModel.swift in Sources */ = {isa = PBXBuildFile; fileRef = 9ECFB8D523FD209D0094C702 /* PhotosModel.swift */; };
/* End PBXBuildFile section */

/* Begin PBXFileReference section */
		9E525D7C23FD2896002292DD /* PhotosTableViewCell.swift */ = {isa = PBXFileReference; lastKnownFileType = sourcecode.swift; path = PhotosTableViewCell.swift; sourceTree = "<group>"; };
		9E525D7E23FD29B5002292DD /* UsersTableViewCell.swift */ = {isa = PBXFileReference; lastKnownFileType = sourcecode.swift; path = UsersTableViewCell.swift; sourceTree = "<group>"; };
		9E53CB7123FE3FB2008B04F9 /* API.swift */ = {isa = PBXFileReference; lastKnownFileType = sourcecode.swift; path = API.swift; sourceTree = "<group>"; };
		9E53CB7323FE4306008B04F9 /* AlbumsVC.swift */ = {isa = PBXFileReference; lastKnownFileType = sourcecode.swift; path = AlbumsVC.swift; sourceTree = "<group>"; };
		9ECFB8AF23FD0D7C0094C702 /* TeskTaskWorkWithNetwork.app */ = {isa = PBXFileReference; explicitFileType = wrapper.application; includeInIndex = 0; path = TeskTaskWorkWithNetwork.app; sourceTree = BUILT_PRODUCTS_DIR; };
		9ECFB8B223FD0D7C0094C702 /* AppDelegate.swift */ = {isa = PBXFileReference; lastKnownFileType = sourcecode.swift; path = AppDelegate.swift; sourceTree = "<group>"; };
		9ECFB8B423FD0D7C0094C702 /* SceneDelegate.swift */ = {isa = PBXFileReference; lastKnownFileType = sourcecode.swift; path = SceneDelegate.swift; sourceTree = "<group>"; };
		9ECFB8B623FD0D7C0094C702 /* UsersVC.swift */ = {isa = PBXFileReference; lastKnownFileType = sourcecode.swift; path = UsersVC.swift; sourceTree = "<group>"; };
		9ECFB8B923FD0D7C0094C702 /* Base */ = {isa = PBXFileReference; lastKnownFileType = file.storyboard; name = Base; path = Base.lproj/Main.storyboard; sourceTree = "<group>"; };
		9ECFB8BB23FD0D7F0094C702 /* Assets.xcassets */ = {isa = PBXFileReference; lastKnownFileType = folder.assetcatalog; path = Assets.xcassets; sourceTree = "<group>"; };
		9ECFB8BE23FD0D7F0094C702 /* Base */ = {isa = PBXFileReference; lastKnownFileType = file.storyboard; name = Base; path = Base.lproj/LaunchScreen.storyboard; sourceTree = "<group>"; };
		9ECFB8C023FD0D7F0094C702 /* Info.plist */ = {isa = PBXFileReference; lastKnownFileType = text.plist.xml; path = Info.plist; sourceTree = "<group>"; };
		9ECFB8C623FD1A8C0094C702 /* PhotosVC.swift */ = {isa = PBXFileReference; lastKnownFileType = sourcecode.swift; path = PhotosVC.swift; sourceTree = "<group>"; };
		9ECFB8C823FD1B700094C702 /* NetworkService.swift */ = {isa = PBXFileReference; lastKnownFileType = sourcecode.swift; path = NetworkService.swift; sourceTree = "<group>"; };
		9ECFB8D123FD20790094C702 /* UsersModel.swift */ = {isa = PBXFileReference; lastKnownFileType = sourcecode.swift; path = UsersModel.swift; sourceTree = "<group>"; };
		9ECFB8D323FD208F0094C702 /* AlbumsModel.swift */ = {isa = PBXFileReference; lastKnownFileType = sourcecode.swift; path = AlbumsModel.swift; sourceTree = "<group>"; };
		9ECFB8D523FD209D0094C702 /* PhotosModel.swift */ = {isa = PBXFileReference; lastKnownFileType = sourcecode.swift; path = PhotosModel.swift; sourceTree = "<group>"; };
/* End PBXFileReference section */

/* Begin PBXFrameworksBuildPhase section */
		9ECFB8AC23FD0D7C0094C702 /* Frameworks */ = {
			isa = PBXFrameworksBuildPhase;
			buildActionMask = 2147483647;
			files = (
			);
			runOnlyForDeploymentPostprocessing = 0;
		};
/* End PBXFrameworksBuildPhase section */

/* Begin PBXGroup section */
		9ECFB8A623FD0D7C0094C702 = {
			isa = PBXGroup;
			children = (
				9ECFB8B123FD0D7C0094C702 /* TeskTaskWorkWithNetwork */,
				9ECFB8B023FD0D7C0094C702 /* Products */,
			);
			sourceTree = "<group>";
		};
		9ECFB8B023FD0D7C0094C702 /* Products */ = {
			isa = PBXGroup;
			children = (
				9ECFB8AF23FD0D7C0094C702 /* TeskTaskWorkWithNetwork.app */,
			);
			name = Products;
			sourceTree = "<group>";
		};
		9ECFB8B123FD0D7C0094C702 /* TeskTaskWorkWithNetwork */ = {
			isa = PBXGroup;
			children = (
				9ECFB8CF23FD1E7D0094C702 /* Controller */,
				9ECFB8CD23FD1E560094C702 /* View */,
				9ECFB8CC23FD1E4A0094C702 /* Network */,
				9ECFB8CE23FD1E5F0094C702 /* Model */,
				9ECFB8D023FD1EBD0094C702 /* SupportFiles */,
			);
			path = TeskTaskWorkWithNetwork;
			sourceTree = "<group>";
		};
		9ECFB8CC23FD1E4A0094C702 /* Network */ = {
			isa = PBXGroup;
			children = (
				9ECFB8C823FD1B700094C702 /* NetworkService.swift */,
				9E53CB7123FE3FB2008B04F9 /* API.swift */,
			);
			path = Network;
			sourceTree = "<group>";
		};
		9ECFB8CD23FD1E560094C702 /* View */ = {
			isa = PBXGroup;
			children = (
				9ECFB8B823FD0D7C0094C702 /* Main.storyboard */,
				9ECFB8BD23FD0D7F0094C702 /* LaunchScreen.storyboard */,
			);
			path = View;
			sourceTree = "<group>";
		};
		9ECFB8CE23FD1E5F0094C702 /* Model */ = {
			isa = PBXGroup;
			children = (
				9ECFB8D123FD20790094C702 /* UsersModel.swift */,
				9ECFB8D323FD208F0094C702 /* AlbumsModel.swift */,
				9ECFB8D523FD209D0094C702 /* PhotosModel.swift */,
			);
			name = Model;
			sourceTree = "<group>";
		};
		9ECFB8CF23FD1E7D0094C702 /* Controller */ = {
			isa = PBXGroup;
			children = (
				9ECFB8B623FD0D7C0094C702 /* UsersVC.swift */,
				9ECFB8C623FD1A8C0094C702 /* PhotosVC.swift */,
				9E53CB7323FE4306008B04F9 /* AlbumsVC.swift */,
				9E525D7E23FD29B5002292DD /* UsersTableViewCell.swift */,
				9E525D7C23FD2896002292DD /* PhotosTableViewCell.swift */,
				9ECFB8B223FD0D7C0094C702 /* AppDelegate.swift */,
				9ECFB8B423FD0D7C0094C702 /* SceneDelegate.swift */,
			);
			path = Controller;
			sourceTree = "<group>";
		};
		9ECFB8D023FD1EBD0094C702 /* SupportFiles */ = {
			isa = PBXGroup;
			children = (
				9ECFB8BB23FD0D7F0094C702 /* Assets.xcassets */,
				9ECFB8C023FD0D7F0094C702 /* Info.plist */,
			);
			path = SupportFiles;
			sourceTree = "<group>";
		};
/* End PBXGroup section */

/* Begin PBXNativeTarget section */
		9ECFB8AE23FD0D7C0094C702 /* TeskTaskWorkWithNetwork */ = {
			isa = PBXNativeTarget;
			buildConfigurationList = 9ECFB8C323FD0D7F0094C702 /* Build configuration list for PBXNativeTarget "TeskTaskWorkWithNetwork" */;
			buildPhases = (
				9ECFB8AB23FD0D7C0094C702 /* Sources */,
				9ECFB8AC23FD0D7C0094C702 /* Frameworks */,
				9ECFB8AD23FD0D7C0094C702 /* Resources */,
			);
			buildRules = (
			);
			dependencies = (
			);
			name = TeskTaskWorkWithNetwork;
			productName = TeskTaskWorkWithNetwork;
			productReference = 9ECFB8AF23FD0D7C0094C702 /* TeskTaskWorkWithNetwork.app */;
			productType = "com.apple.product-type.application";
		};
/* End PBXNativeTarget section */

/* Begin PBXProject section */
		9ECFB8A723FD0D7C0094C702 /* Project object */ = {
			isa = PBXProject;
			attributes = {
				LastSwiftUpdateCheck = 1130;
				LastUpgradeCheck = 1130;
				ORGANIZATIONNAME = "Максим Окунеев";
				TargetAttributes = {
					9ECFB8AE23FD0D7C0094C702 = {
						CreatedOnToolsVersion = 11.3.1;
					};
				};
			};
			buildConfigurationList = 9ECFB8AA23FD0D7C0094C702 /* Build configuration list for PBXProject "TeskTaskWorkWithNetwork" */;
			compatibilityVersion = "Xcode 9.3";
			developmentRegion = en;
			hasScannedForEncodings = 0;
			knownRegions = (
				en,
				Base,
			);
			mainGroup = 9ECFB8A623FD0D7C0094C702;
			productRefGroup = 9ECFB8B023FD0D7C0094C702 /* Products */;
			projectDirPath = "";
			projectRoot = "";
			targets = (
				9ECFB8AE23FD0D7C0094C702 /* TeskTaskWorkWithNetwork */,
			);
		};
/* End PBXProject section */

/* Begin PBXResourcesBuildPhase section */
		9ECFB8AD23FD0D7C0094C702 /* Resources */ = {
			isa = PBXResourcesBuildPhase;
			buildActionMask = 2147483647;
			files = (
				9ECFB8BF23FD0D7F0094C702 /* LaunchScreen.storyboard in Resources */,
				9ECFB8BC23FD0D7F0094C702 /* Assets.xcassets in Resources */,
				9ECFB8BA23FD0D7C0094C702 /* Main.storyboard in Resources */,
			);
			runOnlyForDeploymentPostprocessing = 0;
		};
/* End PBXResourcesBuildPhase section */

/* Begin PBXSourcesBuildPhase section */
		9ECFB8AB23FD0D7C0094C702 /* Sources */ = {
			isa = PBXSourcesBuildPhase;
			buildActionMask = 2147483647;
			files = (
				9E53CB7223FE3FB2008B04F9 /* API.swift in Sources */,
				9E525D7F23FD29B5002292DD /* UsersTableViewCell.swift in Sources */,
				9ECFB8D623FD209D0094C702 /* PhotosModel.swift in Sources */,
				9ECFB8B723FD0D7C0094C702 /* UsersVC.swift in Sources */,
				9ECFB8D423FD208F0094C702 /* AlbumsModel.swift in Sources */,
				9ECFB8B323FD0D7C0094C702 /* AppDelegate.swift in Sources */,
				9E53CB7423FE4306008B04F9 /* AlbumsVC.swift in Sources */,
				9ECFB8C923FD1B700094C702 /* NetworkService.swift in Sources */,
				9E525D7D23FD2896002292DD /* PhotosTableViewCell.swift in Sources */,
				9ECFB8D223FD20790094C702 /* UsersModel.swift in Sources */,
				9ECFB8C723FD1A8C0094C702 /* PhotosVC.swift in Sources */,
				9ECFB8B523FD0D7C0094C702 /* SceneDelegate.swift in Sources */,
			);
			runOnlyForDeploymentPostprocessing = 0;
		};
/* End PBXSourcesBuildPhase section */

/* Begin PBXVariantGroup section */
		9ECFB8B823FD0D7C0094C702 /* Main.storyboard */ = {
			isa = PBXVariantGroup;
			children = (
				9ECFB8B923FD0D7C0094C702 /* Base */,
			);
			name = Main.storyboard;
			sourceTree = "<group>";
		};
		9ECFB8BD23FD0D7F0094C702 /* LaunchScreen.storyboard */ = {
			isa = PBXVariantGroup;
			children = (
				9ECFB8BE23FD0D7F0094C702 /* Base */,
			);
			name = LaunchScreen.storyboard;
			sourceTree = "<group>";
		};
/* End PBXVariantGroup section */

/* Begin XCBuildConfiguration section */
		9ECFB8C123FD0D7F0094C702 /* Debug */ = {
			isa = XCBuildConfiguration;
			buildSettings = {
				ALWAYS_SEARCH_USER_PATHS = NO;
				CLANG_ANALYZER_NONNULL = YES;
				CLANG_ANALYZER_NUMBER_OBJECT_CONVERSION = YES_AGGRESSIVE;
				CLANG_CXX_LANGUAGE_STANDARD = "gnu++14";
				CLANG_CXX_LIBRARY = "libc++";
				CLANG_ENABLE_MODULES = YES;
				CLANG_ENABLE_OBJC_ARC = YES;
				CLANG_ENABLE_OBJC_WEAK = YES;
				CLANG_WARN_BLOCK_CAPTURE_AUTORELEASING = YES;
				CLANG_WARN_BOOL_CONVERSION = YES;
				CLANG_WARN_COMMA = YES;
				CLANG_WARN_CONSTANT_CONVERSION = YES;
				CLANG_WARN_DEPRECATED_OBJC_IMPLEMENTATIONS = YES;
				CLANG_WARN_DIRECT_OBJC_ISA_USAGE = YES_ERROR;
				CLANG_WARN_DOCUMENTATION_COMMENTS = YES;
				CLANG_WARN_EMPTY_BODY = YES;
				CLANG_WARN_ENUM_CONVERSION = YES;
				CLANG_WARN_INFINITE_RECURSION = YES;
				CLANG_WARN_INT_CONVERSION = YES;
				CLANG_WARN_NON_LITERAL_NULL_CONVERSION = YES;
				CLANG_WARN_OBJC_IMPLICIT_RETAIN_SELF = YES;
				CLANG_WARN_OBJC_LITERAL_CONVERSION = YES;
				CLANG_WARN_OBJC_ROOT_CLASS = YES_ERROR;
				CLANG_WARN_RANGE_LOOP_ANALYSIS = YES;
				CLANG_WARN_STRICT_PROTOTYPES = YES;
				CLANG_WARN_SUSPICIOUS_MOVE = YES;
				CLANG_WARN_UNGUARDED_AVAILABILITY = YES_AGGRESSIVE;
				CLANG_WARN_UNREACHABLE_CODE = YES;
				CLANG_WARN__DUPLICATE_METHOD_MATCH = YES;
				COPY_PHASE_STRIP = NO;
				DEBUG_INFORMATION_FORMAT = dwarf;
				ENABLE_STRICT_OBJC_MSGSEND = YES;
				ENABLE_TESTABILITY = YES;
				GCC_C_LANGUAGE_STANDARD = gnu11;
				GCC_DYNAMIC_NO_PIC = NO;
				GCC_NO_COMMON_BLOCKS = YES;
				GCC_OPTIMIZATION_LEVEL = 0;
				GCC_PREPROCESSOR_DEFINITIONS = (
					"DEBUG=1",
					"$(inherited)",
				);
				GCC_WARN_64_TO_32_BIT_CONVERSION = YES;
				GCC_WARN_ABOUT_RETURN_TYPE = YES_ERROR;
				GCC_WARN_UNDECLARED_SELECTOR = YES;
				GCC_WARN_UNINITIALIZED_AUTOS = YES_AGGRESSIVE;
				GCC_WARN_UNUSED_FUNCTION = YES;
				GCC_WARN_UNUSED_VARIABLE = YES;
				IPHONEOS_DEPLOYMENT_TARGET = 13.2;
				MTL_ENABLE_DEBUG_INFO = INCLUDE_SOURCE;
				MTL_FAST_MATH = YES;
				ONLY_ACTIVE_ARCH = YES;
				SDKROOT = iphoneos;
				SWIFT_ACTIVE_COMPILATION_CONDITIONS = DEBUG;
				SWIFT_OPTIMIZATION_LEVEL = "-Onone";
			};
			name = Debug;
		};
		9ECFB8C223FD0D7F0094C702 /* Release */ = {
			isa = XCBuildConfiguration;
			buildSettings = {
				ALWAYS_SEARCH_USER_PATHS = NO;
				CLANG_ANALYZER_NONNULL = YES;
				CLANG_ANALYZER_NUMBER_OBJECT_CONVERSION = YES_AGGRESSIVE;
				CLANG_CXX_LANGUAGE_STANDARD = "gnu++14";
				CLANG_CXX_LIBRARY = "libc++";
				CLANG_ENABLE_MODULES = YES;
				CLANG_ENABLE_OBJC_ARC = YES;
				CLANG_ENABLE_OBJC_WEAK = YES;
				CLANG_WARN_BLOCK_CAPTURE_AUTORELEASING = YES;
				CLANG_WARN_BOOL_CONVERSION = YES;
				CLANG_WARN_COMMA = YES;
				CLANG_WARN_CONSTANT_CONVERSION = YES;
				CLANG_WARN_DEPRECATED_OBJC_IMPLEMENTATIONS = YES;
				CLANG_WARN_DIRECT_OBJC_ISA_USAGE = YES_ERROR;
				CLANG_WARN_DOCUMENTATION_COMMENTS = YES;
				CLANG_WARN_EMPTY_BODY = YES;
				CLANG_WARN_ENUM_CONVERSION = YES;
				CLANG_WARN_INFINITE_RECURSION = YES;
				CLANG_WARN_INT_CONVERSION = YES;
				CLANG_WARN_NON_LITERAL_NULL_CONVERSION = YES;
				CLANG_WARN_OBJC_IMPLICIT_RETAIN_SELF = YES;
				CLANG_WARN_OBJC_LITERAL_CONVERSION = YES;
				CLANG_WARN_OBJC_ROOT_CLASS = YES_ERROR;
				CLANG_WARN_RANGE_LOOP_ANALYSIS = YES;
				CLANG_WARN_STRICT_PROTOTYPES = YES;
				CLANG_WARN_SUSPICIOUS_MOVE = YES;
				CLANG_WARN_UNGUARDED_AVAILABILITY = YES_AGGRESSIVE;
				CLANG_WARN_UNREACHABLE_CODE = YES;
				CLANG_WARN__DUPLICATE_METHOD_MATCH = YES;
				COPY_PHASE_STRIP = NO;
				DEBUG_INFORMATION_FORMAT = "dwarf-with-dsym";
				ENABLE_NS_ASSERTIONS = NO;
				ENABLE_STRICT_OBJC_MSGSEND = YES;
				GCC_C_LANGUAGE_STANDARD = gnu11;
				GCC_NO_COMMON_BLOCKS = YES;
				GCC_WARN_64_TO_32_BIT_CONVERSION = YES;
				GCC_WARN_ABOUT_RETURN_TYPE = YES_ERROR;
				GCC_WARN_UNDECLARED_SELECTOR = YES;
				GCC_WARN_UNINITIALIZED_AUTOS = YES_AGGRESSIVE;
				GCC_WARN_UNUSED_FUNCTION = YES;
				GCC_WARN_UNUSED_VARIABLE = YES;
				IPHONEOS_DEPLOYMENT_TARGET = 13.2;
				MTL_ENABLE_DEBUG_INFO = NO;
				MTL_FAST_MATH = YES;
				SDKROOT = iphoneos;
				SWIFT_COMPILATION_MODE = wholemodule;
				SWIFT_OPTIMIZATION_LEVEL = "-O";
				VALIDATE_PRODUCT = YES;
			};
			name = Release;
		};
		9ECFB8C423FD0D7F0094C702 /* Debug */ = {
			isa = XCBuildConfiguration;
			buildSettings = {
				ASSETCATALOG_COMPILER_APPICON_NAME = AppIcon;
				CODE_SIGN_STYLE = Automatic;
				DEVELOPMENT_TEAM = WJR74JV9LN;
				INFOPLIST_FILE = "$(SRCROOT)/TeskTaskWorkWithNetwork/SupportFiles/Info.plist";
				LD_RUNPATH_SEARCH_PATHS = (
					"$(inherited)",
					"@executable_path/Frameworks",
				);
				PRODUCT_BUNDLE_IDENTIFIER = "-.TeskTaskWorkWithNetwork";
				PRODUCT_NAME = "$(TARGET_NAME)";
				SWIFT_VERSION = 5.0;
				TARGETED_DEVICE_FAMILY = "1,2";
			};
			name = Debug;
		};
		9ECFB8C523FD0D7F0094C702 /* Release */ = {
			isa = XCBuildConfiguration;
			buildSettings = {
				ASSETCATALOG_COMPILER_APPICON_NAME = AppIcon;
				CODE_SIGN_STYLE = Automatic;
				DEVELOPMENT_TEAM = WJR74JV9LN;
				INFOPLIST_FILE = "$(SRCROOT)/TeskTaskWorkWithNetwork/SupportFiles/Info.plist";
				LD_RUNPATH_SEARCH_PATHS = (
					"$(inherited)",
					"@executable_path/Frameworks",
				);
				PRODUCT_BUNDLE_IDENTIFIER = "-.TeskTaskWorkWithNetwork";
				PRODUCT_NAME = "$(TARGET_NAME)";
				SWIFT_VERSION = 5.0;
				TARGETED_DEVICE_FAMILY = "1,2";
			};
			name = Release;
		};
/* End XCBuildConfiguration section */

/* Begin XCConfigurationList section */
		9ECFB8AA23FD0D7C0094C702 /* Build configuration list for PBXProject "TeskTaskWorkWithNetwork" */ = {
			isa = XCConfigurationList;
			buildConfigurations = (
				9ECFB8C123FD0D7F0094C702 /* Debug */,
				9ECFB8C223FD0D7F0094C702 /* Release */,
			);
			defaultConfigurationIsVisible = 0;
			defaultConfigurationName = Release;
		};
		9ECFB8C323FD0D7F0094C702 /* Build configuration list for PBXNativeTarget "TeskTaskWorkWithNetwork" */ = {
			isa = XCConfigurationList;
			buildConfigurations = (
				9ECFB8C423FD0D7F0094C702 /* Debug */,
				9ECFB8C523FD0D7F0094C702 /* Release */,
			);
			defaultConfigurationIsVisible = 0;
			defaultConfigurationName = Release;
		};
/* End XCConfigurationList section */
	};
	rootObject = 9ECFB8A723FD0D7C0094C702 /* Project object */;
}
